
Microsoft Visual Studio Solution File, Format Version 12.00
# Visual Studio Version 17
VisualStudioVersion = 17.4.33213.308
MinimumVisualStudioVersion = 10.0.40219.1
Project("{FAE04EC0-301F-11D3-BF4B-00C04F79EFBC}") = "API_Projet2", "API_Projet2\API_Projet2.csproj", "{F34C08EC-CE6A-462E-A577-FDF0175398CE}"
EndProject
Global
	GlobalSection(SolutionConfigurationPlatforms) = preSolution
		Debug|Any CPU = Debug|Any CPU
		Release|Any CPU = Release|Any CPU
	EndGlobalSection
	GlobalSection(ProjectConfigurationPlatforms) = postSolution
		{F34C08EC-CE6A-462E-A577-FDF0175398CE}.Debug|Any CPU.ActiveCfg = Debug|Any CPU
		{F34C08EC-CE6A-462E-A577-FDF0175398CE}.Debug|Any CPU.Build.0 = Debug|Any CPU
		{F34C08EC-CE6A-462E-A577-FDF0175398CE}.Release|Any CPU.ActiveCfg = Release|Any CPU
		{F34C08EC-CE6A-462E-A577-FDF0175398CE}.Release|Any CPU.Build.0 = Release|Any CPU
	EndGlobalSection
	GlobalSection(SolutionProperties) = preSolution
		HideSolutionNode = FALSE
	EndGlobalSection
	GlobalSection(ExtensibilityGlobals) = postSolution
		SolutionGuid = {87A53AF6-0A70-462C-9767-D7DB7B9D1ADB}
	EndGlobalSection
EndGlobal
